
Microsoft Visual Studio Solution File, Format Version 12.00
# Visual Studio 14
VisualStudioVersion = 14.0.25420.1
MinimumVisualStudioVersion = 10.0.40219.1
Project("{FAE04EC0-301F-11D3-BF4B-00C04F79EFBC}") = "LibraryCalc", "LibraryCalc\LibraryCalc.csproj", "{A89ED6B6-2DD0-4575-AAAB-4A8ADB218315}"
EndProject
Project("{FAE04EC0-301F-11D3-BF4B-00C04F79EFBC}") = "LibraryCalc.Tests", "LibraryCalc.Tests\LibraryCalc.Tests.csproj", "{14BF7CCF-92E8-4419-A863-38DA1E90036D}"
EndProject
Global
	GlobalSection(SolutionConfigurationPlatforms) = preSolution
		Debug|Any CPU = Debug|Any CPU
		Release|Any CPU = Release|Any CPU
	EndGlobalSection
	GlobalSection(ProjectConfigurationPlatforms) = postSolution
		{A89ED6B6-2DD0-4575-AAAB-4A8ADB218315}.Debug|Any CPU.ActiveCfg = Debug|Any CPU
		{A89ED6B6-2DD0-4575-AAAB-4A8ADB218315}.Debug|Any CPU.Build.0 = Debug|Any CPU
		{A89ED6B6-2DD0-4575-AAAB-4A8ADB218315}.Release|Any CPU.ActiveCfg = Release|Any CPU
		{A89ED6B6-2DD0-4575-AAAB-4A8ADB218315}.Release|Any CPU.Build.0 = Release|Any CPU
		{14BF7CCF-92E8-4419-A863-38DA1E90036D}.Debug|Any CPU.ActiveCfg = Debug|Any CPU
		{14BF7CCF-92E8-4419-A863-38DA1E90036D}.Debug|Any CPU.Build.0 = Debug|Any CPU
		{14BF7CCF-92E8-4419-A863-38DA1E90036D}.Release|Any CPU.ActiveCfg = Release|Any CPU
		{14BF7CCF-92E8-4419-A863-38DA1E90036D}.Release|Any CPU.Build.0 = Release|Any CPU
	EndGlobalSection
	GlobalSection(SolutionProperties) = preSolution
		HideSolutionNode = FALSE
	EndGlobalSection
EndGlobal
